// !$*UTF8*$!
{
	archiveVersion = 1;
	classes = {
	};
	objectVersion = 55;
	objects = {

/* Begin PBXBuildFile section */
		5589D5C66E0AD6E72300CF3C /* Pods_Snacktacular.framework in Frameworks */ = {isa = PBXBuildFile; fileRef = 9CCE09A2254DCEDE2042FC9E /* Pods_Snacktacular.framework */; };
		E41F023027DCF17D00858BFB /* Spot.swift in Sources */ = {isa = PBXBuildFile; fileRef = E41F022F27DCF17D00858BFB /* Spot.swift */; };
		E41F023227DD0A3500858BFB /* UIViewController+alert.swift in Sources */ = {isa = PBXBuildFile; fileRef = E41F023127DD0A3500858BFB /* UIViewController+alert.swift */; };
		E41F023427DD3F1300858BFB /* Spots.swift in Sources */ = {isa = PBXBuildFile; fileRef = E41F023327DD3F1300858BFB /* Spots.swift */; };
		E41F023627DD533B00858BFB /* APIKeys.swift in Sources */ = {isa = PBXBuildFile; fileRef = E41F023527DD533B00858BFB /* APIKeys.swift */; };
		E44AD29727DB911D00267197 /* AppDelegate.swift in Sources */ = {isa = PBXBuildFile; fileRef = E44AD29627DB911D00267197 /* AppDelegate.swift */; };
		E44AD29927DB911D00267197 /* SceneDelegate.swift in Sources */ = {isa = PBXBuildFile; fileRef = E44AD29827DB911D00267197 /* SceneDelegate.swift */; };
		E44AD29B27DB911D00267197 /* LoginViewController.swift in Sources */ = {isa = PBXBuildFile; fileRef = E44AD29A27DB911D00267197 /* LoginViewController.swift */; };
		E44AD29E27DB911D00267197 /* Main.storyboard in Resources */ = {isa = PBXBuildFile; fileRef = E44AD29C27DB911D00267197 /* Main.storyboard */; };
		E44AD2A027DB911E00267197 /* Assets.xcassets in Resources */ = {isa = PBXBuildFile; fileRef = E44AD29F27DB911E00267197 /* Assets.xcassets */; };
		E44AD2A327DB911E00267197 /* LaunchScreen.storyboard in Resources */ = {isa = PBXBuildFile; fileRef = E44AD2A127DB911E00267197 /* LaunchScreen.storyboard */; };
		E46C310F27DBB40F006C73CE /* GoogleService-Info.plist in Resources */ = {isa = PBXBuildFile; fileRef = E46C310E27DBB40F006C73CE /* GoogleService-Info.plist */; };
		E46C311127DC1ADD006C73CE /* SpotListViewController.swift in Sources */ = {isa = PBXBuildFile; fileRef = E46C311027DC1ADD006C73CE /* SpotListViewController.swift */; };
		E46C311327DC2103006C73CE /* SpotTableViewCell.swift in Sources */ = {isa = PBXBuildFile; fileRef = E46C311227DC2103006C73CE /* SpotTableViewCell.swift */; };
		E46C311527DC2760006C73CE /* SpotDetailViewController.swift in Sources */ = {isa = PBXBuildFile; fileRef = E46C311427DC2760006C73CE /* SpotDetailViewController.swift */; };
		E476A4D027DF13ED002EFDDE /* ReviewTableViewController.swift in Sources */ = {isa = PBXBuildFile; fileRef = E476A4CF27DF13ED002EFDDE /* ReviewTableViewController.swift */; };
		E476A4D227E4BED1002EFDDE /* Review.swift in Sources */ = {isa = PBXBuildFile; fileRef = E476A4D127E4BED1002EFDDE /* Review.swift */; };
		E476A4D427E4FA31002EFDDE /* Reviews.swift in Sources */ = {isa = PBXBuildFile; fileRef = E476A4D327E4FA31002EFDDE /* Reviews.swift */; };
		E476A4D627E5660F002EFDDE /* SpotReviewTableViewCell.swift in Sources */ = {isa = PBXBuildFile; fileRef = E476A4D527E5660F002EFDDE /* SpotReviewTableViewCell.swift */; };
		E476A4D827E5AD49002EFDDE /* UIView+addBorder.swift in Sources */ = {isa = PBXBuildFile; fileRef = E476A4D727E5AD49002EFDDE /* UIView+addBorder.swift */; };
		E476A4DA27E5AE29002EFDDE /* UIBarButtonItem+hide.swift in Sources */ = {isa = PBXBuildFile; fileRef = E476A4D927E5AE29002EFDDE /* UIBarButtonItem+hide.swift */; };
		E476A4DC27E625BE002EFDDE /* PhotoViewController.swift in Sources */ = {isa = PBXBuildFile; fileRef = E476A4DB27E625BD002EFDDE /* PhotoViewController.swift */; };
		E476A4DE27E7C758002EFDDE /* Photo.swift in Sources */ = {isa = PBXBuildFile; fileRef = E476A4DD27E7C758002EFDDE /* Photo.swift */; };
		E476A4E027E81EE9002EFDDE /* Photos.swift in Sources */ = {isa = PBXBuildFile; fileRef = E476A4DF27E81EE9002EFDDE /* Photos.swift */; };
		E476A4E227E82599002EFDDE /* SpotPhotoCollectionViewCell.swift in Sources */ = {isa = PBXBuildFile; fileRef = E476A4E127E82599002EFDDE /* SpotPhotoCollectionViewCell.swift */; };
/* End PBXBuildFile section */

/* Begin PBXFileReference section */
		32B8E8C625E5D6E9BB7F392C /* Pods-Snacktacular.debug.xcconfig */ = {isa = PBXFileReference; includeInIndex = 1; lastKnownFileType = text.xcconfig; name = "Pods-Snacktacular.debug.xcconfig"; path = "Target Support Files/Pods-Snacktacular/Pods-Snacktacular.debug.xcconfig"; sourceTree = "<group>"; };
		9CCE09A2254DCEDE2042FC9E /* Pods_Snacktacular.framework */ = {isa = PBXFileReference; explicitFileType = wrapper.framework; includeInIndex = 0; path = Pods_Snacktacular.framework; sourceTree = BUILT_PRODUCTS_DIR; };
		CDBA5EB112A323D45FDB6DC1 /* Pods-Snacktacular.release.xcconfig */ = {isa = PBXFileReference; includeInIndex = 1; lastKnownFileType = text.xcconfig; name = "Pods-Snacktacular.release.xcconfig"; path = "Target Support Files/Pods-Snacktacular/Pods-Snacktacular.release.xcconfig"; sourceTree = "<group>"; };
		E41F022F27DCF17D00858BFB /* Spot.swift */ = {isa = PBXFileReference; lastKnownFileType = sourcecode.swift; path = Spot.swift; sourceTree = "<group>"; };
		E41F023127DD0A3500858BFB /* UIViewController+alert.swift */ = {isa = PBXFileReference; fileEncoding = 4; lastKnownFileType = sourcecode.swift; path = "UIViewController+alert.swift"; sourceTree = "<group>"; };
		E41F023327DD3F1300858BFB /* Spots.swift */ = {isa = PBXFileReference; lastKnownFileType = sourcecode.swift; path = Spots.swift; sourceTree = "<group>"; };
		E41F023527DD533B00858BFB /* APIKeys.swift */ = {isa = PBXFileReference; lastKnownFileType = sourcecode.swift; path = APIKeys.swift; sourceTree = "<group>"; };
		E44AD29327DB911D00267197 /* Snacktacular.app */ = {isa = PBXFileReference; explicitFileType = wrapper.application; includeInIndex = 0; path = Snacktacular.app; sourceTree = BUILT_PRODUCTS_DIR; };
		E44AD29627DB911D00267197 /* AppDelegate.swift */ = {isa = PBXFileReference; lastKnownFileType = sourcecode.swift; path = AppDelegate.swift; sourceTree = "<group>"; };
		E44AD29827DB911D00267197 /* SceneDelegate.swift */ = {isa = PBXFileReference; lastKnownFileType = sourcecode.swift; path = SceneDelegate.swift; sourceTree = "<group>"; };
		E44AD29A27DB911D00267197 /* LoginViewController.swift */ = {isa = PBXFileReference; lastKnownFileType = sourcecode.swift; path = LoginViewController.swift; sourceTree = "<group>"; };
		E44AD29D27DB911D00267197 /* Base */ = {isa = PBXFileReference; lastKnownFileType = file.storyboard; name = Base; path = Base.lproj/Main.storyboard; sourceTree = "<group>"; };
		E44AD29F27DB911E00267197 /* Assets.xcassets */ = {isa = PBXFileReference; lastKnownFileType = folder.assetcatalog; path = Assets.xcassets; sourceTree = "<group>"; };
		E44AD2A227DB911E00267197 /* Base */ = {isa = PBXFileReference; lastKnownFileType = file.storyboard; name = Base; path = Base.lproj/LaunchScreen.storyboard; sourceTree = "<group>"; };
		E44AD2A427DB911E00267197 /* Info.plist */ = {isa = PBXFileReference; lastKnownFileType = text.plist.xml; path = Info.plist; sourceTree = "<group>"; };
		E46C310E27DBB40F006C73CE /* GoogleService-Info.plist */ = {isa = PBXFileReference; fileEncoding = 4; lastKnownFileType = text.plist.xml; path = "GoogleService-Info.plist"; sourceTree = "<group>"; };
		E46C311027DC1ADD006C73CE /* SpotListViewController.swift */ = {isa = PBXFileReference; lastKnownFileType = sourcecode.swift; path = SpotListViewController.swift; sourceTree = "<group>"; };
		E46C311227DC2103006C73CE /* SpotTableViewCell.swift */ = {isa = PBXFileReference; lastKnownFileType = sourcecode.swift; path = SpotTableViewCell.swift; sourceTree = "<group>"; };
		E46C311427DC2760006C73CE /* SpotDetailViewController.swift */ = {isa = PBXFileReference; lastKnownFileType = sourcecode.swift; path = SpotDetailViewController.swift; sourceTree = "<group>"; };
		E476A4CF27DF13ED002EFDDE /* ReviewTableViewController.swift */ = {isa = PBXFileReference; lastKnownFileType = sourcecode.swift; path = ReviewTableViewController.swift; sourceTree = "<group>"; };
		E476A4D127E4BED1002EFDDE /* Review.swift */ = {isa = PBXFileReference; lastKnownFileType = sourcecode.swift; path = Review.swift; sourceTree = "<group>"; };
		E476A4D327E4FA31002EFDDE /* Reviews.swift */ = {isa = PBXFileReference; lastKnownFileType = sourcecode.swift; path = Reviews.swift; sourceTree = "<group>"; };
		E476A4D527E5660F002EFDDE /* SpotReviewTableViewCell.swift */ = {isa = PBXFileReference; lastKnownFileType = sourcecode.swift; path = SpotReviewTableViewCell.swift; sourceTree = "<group>"; };
		E476A4D727E5AD49002EFDDE /* UIView+addBorder.swift */ = {isa = PBXFileReference; lastKnownFileType = sourcecode.swift; path = "UIView+addBorder.swift"; sourceTree = "<group>"; };
		E476A4D927E5AE29002EFDDE /* UIBarButtonItem+hide.swift */ = {isa = PBXFileReference; lastKnownFileType = sourcecode.swift; path = "UIBarButtonItem+hide.swift"; sourceTree = "<group>"; };
		E476A4DB27E625BD002EFDDE /* PhotoViewController.swift */ = {isa = PBXFileReference; lastKnownFileType = sourcecode.swift; path = PhotoViewController.swift; sourceTree = "<group>"; };
		E476A4DD27E7C758002EFDDE /* Photo.swift */ = {isa = PBXFileReference; lastKnownFileType = sourcecode.swift; path = Photo.swift; sourceTree = "<group>"; };
		E476A4DF27E81EE9002EFDDE /* Photos.swift */ = {isa = PBXFileReference; lastKnownFileType = sourcecode.swift; path = Photos.swift; sourceTree = "<group>"; };
		E476A4E127E82599002EFDDE /* SpotPhotoCollectionViewCell.swift */ = {isa = PBXFileReference; lastKnownFileType = sourcecode.swift; path = SpotPhotoCollectionViewCell.swift; sourceTree = "<group>"; };
/* End PBXFileReference section */

/* Begin PBXFrameworksBuildPhase section */
		E44AD29027DB911D00267197 /* Frameworks */ = {
			isa = PBXFrameworksBuildPhase;
			buildActionMask = 2147483647;
			files = (
				5589D5C66E0AD6E72300CF3C /* Pods_Snacktacular.framework in Frameworks */,
			);
			runOnlyForDeploymentPostprocessing = 0;
		};
/* End PBXFrameworksBuildPhase section */

/* Begin PBXGroup section */
		DEA92ED6DE3EF90DD1A90C27 /* Frameworks */ = {
			isa = PBXGroup;
			children = (
				9CCE09A2254DCEDE2042FC9E /* Pods_Snacktacular.framework */,
			);
			name = Frameworks;
			sourceTree = "<group>";
		};
		E44AD28A27DB911D00267197 = {
			isa = PBXGroup;
			children = (
				E44AD29527DB911D00267197 /* Snacktacular */,
				E44AD29427DB911D00267197 /* Products */,
				F7AC67B18A83347D5D9B5455 /* Pods */,
				DEA92ED6DE3EF90DD1A90C27 /* Frameworks */,
			);
			sourceTree = "<group>";
		};
		E44AD29427DB911D00267197 /* Products */ = {
			isa = PBXGroup;
			children = (
				E44AD29327DB911D00267197 /* Snacktacular.app */,
			);
			name = Products;
			sourceTree = "<group>";
		};
		E44AD29527DB911D00267197 /* Snacktacular */ = {
			isa = PBXGroup;
			children = (
				E41F023527DD533B00858BFB /* APIKeys.swift */,
				E44AD29627DB911D00267197 /* AppDelegate.swift */,
				E44AD29827DB911D00267197 /* SceneDelegate.swift */,
				E41F022F27DCF17D00858BFB /* Spot.swift */,
				E41F023327DD3F1300858BFB /* Spots.swift */,
				E476A4D127E4BED1002EFDDE /* Review.swift */,
				E476A4D327E4FA31002EFDDE /* Reviews.swift */,
				E476A4DD27E7C758002EFDDE /* Photo.swift */,
				E476A4DF27E81EE9002EFDDE /* Photos.swift */,
				E44AD29A27DB911D00267197 /* LoginViewController.swift */,
				E46C311027DC1ADD006C73CE /* SpotListViewController.swift */,
				E46C311227DC2103006C73CE /* SpotTableViewCell.swift */,
				E46C311427DC2760006C73CE /* SpotDetailViewController.swift */,
				E476A4D527E5660F002EFDDE /* SpotReviewTableViewCell.swift */,
				E476A4E127E82599002EFDDE /* SpotPhotoCollectionViewCell.swift */,
				E476A4CF27DF13ED002EFDDE /* ReviewTableViewController.swift */,
				E476A4DB27E625BD002EFDDE /* PhotoViewController.swift */,
				E41F023127DD0A3500858BFB /* UIViewController+alert.swift */,
				E476A4D727E5AD49002EFDDE /* UIView+addBorder.swift */,
				E476A4D927E5AE29002EFDDE /* UIBarButtonItem+hide.swift */,
				E44AD29C27DB911D00267197 /* Main.storyboard */,
				E44AD29F27DB911E00267197 /* Assets.xcassets */,
				E44AD2A127DB911E00267197 /* LaunchScreen.storyboard */,
				E44AD2A427DB911E00267197 /* Info.plist */,
				E46C310E27DBB40F006C73CE /* GoogleService-Info.plist */,
			);
			path = Snacktacular;
			sourceTree = "<group>";
		};
		F7AC67B18A83347D5D9B5455 /* Pods */ = {
			isa = PBXGroup;
			children = (
				32B8E8C625E5D6E9BB7F392C /* Pods-Snacktacular.debug.xcconfig */,
				CDBA5EB112A323D45FDB6DC1 /* Pods-Snacktacular.release.xcconfig */,
			);
			path = Pods;
			sourceTree = "<group>";
		};
/* End PBXGroup section */

/* Begin PBXNativeTarget section */
		E44AD29227DB911D00267197 /* Snacktacular */ = {
			isa = PBXNativeTarget;
			buildConfigurationList = E44AD2A727DB911E00267197 /* Build configuration list for PBXNativeTarget "Snacktacular" */;
			buildPhases = (
				EA10068ABCBB254AD597D14F /* [CP] Check Pods Manifest.lock */,
				E44AD28F27DB911D00267197 /* Sources */,
				E44AD29027DB911D00267197 /* Frameworks */,
				E44AD29127DB911D00267197 /* Resources */,
				C28D3066576287B979037354 /* [CP] Embed Pods Frameworks */,
				1A5E38889D2EFBAD85AB1EF4 /* [CP] Copy Pods Resources */,
			);
			buildRules = (
			);
			dependencies = (
			);
			name = Snacktacular;
			productName = Snacktacular;
			productReference = E44AD29327DB911D00267197 /* Snacktacular.app */;
			productType = "com.apple.product-type.application";
		};
/* End PBXNativeTarget section */

/* Begin PBXProject section */
		E44AD28B27DB911D00267197 /* Project object */ = {
			isa = PBXProject;
			attributes = {
				BuildIndependentTargetsInParallel = 1;
				LastSwiftUpdateCheck = 1320;
				LastUpgradeCheck = 1320;
				TargetAttributes = {
					E44AD29227DB911D00267197 = {
						CreatedOnToolsVersion = 13.2.1;
					};
				};
			};
			buildConfigurationList = E44AD28E27DB911D00267197 /* Build configuration list for PBXProject "Snacktacular" */;
			compatibilityVersion = "Xcode 13.0";
			developmentRegion = en;
			hasScannedForEncodings = 0;
			knownRegions = (
				en,
				Base,
			);
			mainGroup = E44AD28A27DB911D00267197;
			productRefGroup = E44AD29427DB911D00267197 /* Products */;
			projectDirPath = "";
			projectRoot = "";
			targets = (
				E44AD29227DB911D00267197 /* Snacktacular */,
			);
		};
/* End PBXProject section */

/* Begin PBXResourcesBuildPhase section */
		E44AD29127DB911D00267197 /* Resources */ = {
			isa = PBXResourcesBuildPhase;
			buildActionMask = 2147483647;
			files = (
				E44AD2A327DB911E00267197 /* LaunchScreen.storyboard in Resources */,
				E46C310F27DBB40F006C73CE /* GoogleService-Info.plist in Resources */,
				E44AD2A027DB911E00267197 /* Assets.xcassets in Resources */,
				E44AD29E27DB911D00267197 /* Main.storyboard in Resources */,
			);
			runOnlyForDeploymentPostprocessing = 0;
		};
/* End PBXResourcesBuildPhase section */

/* Begin PBXShellScriptBuildPhase section */
		1A5E38889D2EFBAD85AB1EF4 /* [CP] Copy Pods Resources */ = {
			isa = PBXShellScriptBuildPhase;
			buildActionMask = 2147483647;
			files = (
			);
			inputFileListPaths = (
				"${PODS_ROOT}/Target Support Files/Pods-Snacktacular/Pods-Snacktacular-resources-${CONFIGURATION}-input-files.xcfilelist",
			);
			name = "[CP] Copy Pods Resources";
			outputFileListPaths = (
				"${PODS_ROOT}/Target Support Files/Pods-Snacktacular/Pods-Snacktacular-resources-${CONFIGURATION}-output-files.xcfilelist",
			);
			runOnlyForDeploymentPostprocessing = 0;
			shellPath = /bin/sh;
			shellScript = "\"${PODS_ROOT}/Target Support Files/Pods-Snacktacular/Pods-Snacktacular-resources.sh\"\n";
			showEnvVarsInLog = 0;
		};
		C28D3066576287B979037354 /* [CP] Embed Pods Frameworks */ = {
			isa = PBXShellScriptBuildPhase;
			buildActionMask = 2147483647;
			files = (
			);
			inputFileListPaths = (
				"${PODS_ROOT}/Target Support Files/Pods-Snacktacular/Pods-Snacktacular-frameworks-${CONFIGURATION}-input-files.xcfilelist",
			);
			name = "[CP] Embed Pods Frameworks";
			outputFileListPaths = (
				"${PODS_ROOT}/Target Support Files/Pods-Snacktacular/Pods-Snacktacular-frameworks-${CONFIGURATION}-output-files.xcfilelist",
			);
			runOnlyForDeploymentPostprocessing = 0;
			shellPath = /bin/sh;
			shellScript = "\"${PODS_ROOT}/Target Support Files/Pods-Snacktacular/Pods-Snacktacular-frameworks.sh\"\n";
			showEnvVarsInLog = 0;
		};
		EA10068ABCBB254AD597D14F /* [CP] Check Pods Manifest.lock */ = {
			isa = PBXShellScriptBuildPhase;
			buildActionMask = 2147483647;
			files = (
			);
			inputFileListPaths = (
			);
			inputPaths = (
				"${PODS_PODFILE_DIR_PATH}/Podfile.lock",
				"${PODS_ROOT}/Manifest.lock",
			);
			name = "[CP] Check Pods Manifest.lock";
			outputFileListPaths = (
			);
			outputPaths = (
				"$(DERIVED_FILE_DIR)/Pods-Snacktacular-checkManifestLockResult.txt",
			);
			runOnlyForDeploymentPostprocessing = 0;
			shellPath = /bin/sh;
			shellScript = "diff \"${PODS_PODFILE_DIR_PATH}/Podfile.lock\" \"${PODS_ROOT}/Manifest.lock\" > /dev/null\nif [ $? != 0 ] ; then\n    # print error to STDERR\n    echo \"error: The sandbox is not in sync with the Podfile.lock. Run 'pod install' or update your CocoaPods installation.\" >&2\n    exit 1\nfi\n# This output is used by Xcode 'outputs' to avoid re-running this script phase.\necho \"SUCCESS\" > \"${SCRIPT_OUTPUT_FILE_0}\"\n";
			showEnvVarsInLog = 0;
		};
/* End PBXShellScriptBuildPhase section */

/* Begin PBXSourcesBuildPhase section */
		E44AD28F27DB911D00267197 /* Sources */ = {
			isa = PBXSourcesBuildPhase;
			buildActionMask = 2147483647;
			files = (
				E476A4D427E4FA31002EFDDE /* Reviews.swift in Sources */,
				E46C311127DC1ADD006C73CE /* SpotListViewController.swift in Sources */,
				E44AD29B27DB911D00267197 /* LoginViewController.swift in Sources */,
				E44AD29727DB911D00267197 /* AppDelegate.swift in Sources */,
				E46C311527DC2760006C73CE /* SpotDetailViewController.swift in Sources */,
				E476A4E027E81EE9002EFDDE /* Photos.swift in Sources */,
				E476A4D027DF13ED002EFDDE /* ReviewTableViewController.swift in Sources */,
				E476A4D227E4BED1002EFDDE /* Review.swift in Sources */,
				E41F023427DD3F1300858BFB /* Spots.swift in Sources */,
				E476A4DA27E5AE29002EFDDE /* UIBarButtonItem+hide.swift in Sources */,
				E46C311327DC2103006C73CE /* SpotTableViewCell.swift in Sources */,
				E476A4DC27E625BE002EFDDE /* PhotoViewController.swift in Sources */,
				E476A4D627E5660F002EFDDE /* SpotReviewTableViewCell.swift in Sources */,
				E476A4DE27E7C758002EFDDE /* Photo.swift in Sources */,
				E41F023627DD533B00858BFB /* APIKeys.swift in Sources */,
				E41F023027DCF17D00858BFB /* Spot.swift in Sources */,
				E44AD29927DB911D00267197 /* SceneDelegate.swift in Sources */,
				E476A4E227E82599002EFDDE /* SpotPhotoCollectionViewCell.swift in Sources */,
				E41F023227DD0A3500858BFB /* UIViewController+alert.swift in Sources */,
				E476A4D827E5AD49002EFDDE /* UIView+addBorder.swift in Sources */,
			);
			runOnlyForDeploymentPostprocessing = 0;
		};
/* End PBXSourcesBuildPhase section */

/* Begin PBXVariantGroup section */
		E44AD29C27DB911D00267197 /* Main.storyboard */ = {
			isa = PBXVariantGroup;
			children = (
				E44AD29D27DB911D00267197 /* Base */,
			);
			name = Main.storyboard;
			sourceTree = "<group>";
		};
		E44AD2A127DB911E00267197 /* LaunchScreen.storyboard */ = {
			isa = PBXVariantGroup;
			children = (
				E44AD2A227DB911E00267197 /* Base */,
			);
			name = LaunchScreen.storyboard;
			sourceTree = "<group>";
		};
/* End PBXVariantGroup section */

/* Begin XCBuildConfiguration section */
		E44AD2A527DB911E00267197 /* Debug */ = {
			isa = XCBuildConfiguration;
			buildSettings = {
				ALWAYS_SEARCH_USER_PATHS = NO;
				CLANG_ANALYZER_NONNULL = YES;
				CLANG_ANALYZER_NUMBER_OBJECT_CONVERSION = YES_AGGRESSIVE;
				CLANG_CXX_LANGUAGE_STANDARD = "gnu++17";
				CLANG_CXX_LIBRARY = "libc++";
				CLANG_ENABLE_MODULES = YES;
				CLANG_ENABLE_OBJC_ARC = YES;
				CLANG_ENABLE_OBJC_WEAK = YES;
				CLANG_WARN_BLOCK_CAPTURE_AUTORELEASING = YES;
				CLANG_WARN_BOOL_CONVERSION = YES;
				CLANG_WARN_COMMA = YES;
				CLANG_WARN_CONSTANT_CONVERSION = YES;
				CLANG_WARN_DEPRECATED_OBJC_IMPLEMENTATIONS = YES;
				CLANG_WARN_DIRECT_OBJC_ISA_USAGE = YES_ERROR;
				CLANG_WARN_DOCUMENTATION_COMMENTS = YES;
				CLANG_WARN_EMPTY_BODY = YES;
				CLANG_WARN_ENUM_CONVERSION = YES;
				CLANG_WARN_INFINITE_RECURSION = YES;
				CLANG_WARN_INT_CONVERSION = YES;
				CLANG_WARN_NON_LITERAL_NULL_CONVERSION = YES;
				CLANG_WARN_OBJC_IMPLICIT_RETAIN_SELF = YES;
				CLANG_WARN_OBJC_LITERAL_CONVERSION = YES;
				CLANG_WARN_OBJC_ROOT_CLASS = YES_ERROR;
				CLANG_WARN_QUOTED_INCLUDE_IN_FRAMEWORK_HEADER = YES;
				CLANG_WARN_RANGE_LOOP_ANALYSIS = YES;
				CLANG_WARN_STRICT_PROTOTYPES = YES;
				CLANG_WARN_SUSPICIOUS_MOVE = YES;
				CLANG_WARN_UNGUARDED_AVAILABILITY = YES_AGGRESSIVE;
				CLANG_WARN_UNREACHABLE_CODE = YES;
				CLANG_WARN__DUPLICATE_METHOD_MATCH = YES;
				COPY_PHASE_STRIP = NO;
				DEBUG_INFORMATION_FORMAT = dwarf;
				ENABLE_STRICT_OBJC_MSGSEND = YES;
				ENABLE_TESTABILITY = YES;
				GCC_C_LANGUAGE_STANDARD = gnu11;
				GCC_DYNAMIC_NO_PIC = NO;
				GCC_NO_COMMON_BLOCKS = YES;
				GCC_OPTIMIZATION_LEVEL = 0;
				GCC_PREPROCESSOR_DEFINITIONS = (
					"DEBUG=1",
					"$(inherited)",
				);
				GCC_WARN_64_TO_32_BIT_CONVERSION = YES;
				GCC_WARN_ABOUT_RETURN_TYPE = YES_ERROR;
				GCC_WARN_UNDECLARED_SELECTOR = YES;
				GCC_WARN_UNINITIALIZED_AUTOS = YES_AGGRESSIVE;
				GCC_WARN_UNUSED_FUNCTION = YES;
				GCC_WARN_UNUSED_VARIABLE = YES;
				IPHONEOS_DEPLOYMENT_TARGET = 15.2;
				MTL_ENABLE_DEBUG_INFO = INCLUDE_SOURCE;
				MTL_FAST_MATH = YES;
				ONLY_ACTIVE_ARCH = YES;
				SDKROOT = iphoneos;
				SWIFT_ACTIVE_COMPILATION_CONDITIONS = DEBUG;
				SWIFT_OPTIMIZATION_LEVEL = "-Onone";
			};
			name = Debug;
		};
		E44AD2A627DB911E00267197 /* Release */ = {
			isa = XCBuildConfiguration;
			buildSettings = {
				ALWAYS_SEARCH_USER_PATHS = NO;
				CLANG_ANALYZER_NONNULL = YES;
				CLANG_ANALYZER_NUMBER_OBJECT_CONVERSION = YES_AGGRESSIVE;
				CLANG_CXX_LANGUAGE_STANDARD = "gnu++17";
				CLANG_CXX_LIBRARY = "libc++";
				CLANG_ENABLE_MODULES = YES;
				CLANG_ENABLE_OBJC_ARC = YES;
				CLANG_ENABLE_OBJC_WEAK = YES;
				CLANG_WARN_BLOCK_CAPTURE_AUTORELEASING = YES;
				CLANG_WARN_BOOL_CONVERSION = YES;
				CLANG_WARN_COMMA = YES;
				CLANG_WARN_CONSTANT_CONVERSION = YES;
				CLANG_WARN_DEPRECATED_OBJC_IMPLEMENTATIONS = YES;
				CLANG_WARN_DIRECT_OBJC_ISA_USAGE = YES_ERROR;
				CLANG_WARN_DOCUMENTATION_COMMENTS = YES;
				CLANG_WARN_EMPTY_BODY = YES;
				CLANG_WARN_ENUM_CONVERSION = YES;
				CLANG_WARN_INFINITE_RECURSION = YES;
				CLANG_WARN_INT_CONVERSION = YES;
				CLANG_WARN_NON_LITERAL_NULL_CONVERSION = YES;
				CLANG_WARN_OBJC_IMPLICIT_RETAIN_SELF = YES;
				CLANG_WARN_OBJC_LITERAL_CONVERSION = YES;
				CLANG_WARN_OBJC_ROOT_CLASS = YES_ERROR;
				CLANG_WARN_QUOTED_INCLUDE_IN_FRAMEWORK_HEADER = YES;
				CLANG_WARN_RANGE_LOOP_ANALYSIS = YES;
				CLANG_WARN_STRICT_PROTOTYPES = YES;
				CLANG_WARN_SUSPICIOUS_MOVE = YES;
				CLANG_WARN_UNGUARDED_AVAILABILITY = YES_AGGRESSIVE;
				CLANG_WARN_UNREACHABLE_CODE = YES;
				CLANG_WARN__DUPLICATE_METHOD_MATCH = YES;
				COPY_PHASE_STRIP = NO;
				DEBUG_INFORMATION_FORMAT = "dwarf-with-dsym";
				ENABLE_NS_ASSERTIONS = NO;
				ENABLE_STRICT_OBJC_MSGSEND = YES;
				GCC_C_LANGUAGE_STANDARD = gnu11;
				GCC_NO_COMMON_BLOCKS = YES;
				GCC_WARN_64_TO_32_BIT_CONVERSION = YES;
				GCC_WARN_ABOUT_RETURN_TYPE = YES_ERROR;
				GCC_WARN_UNDECLARED_SELECTOR = YES;
				GCC_WARN_UNINITIALIZED_AUTOS = YES_AGGRESSIVE;
				GCC_WARN_UNUSED_FUNCTION = YES;
				GCC_WARN_UNUSED_VARIABLE = YES;
				IPHONEOS_DEPLOYMENT_TARGET = 15.2;
				MTL_ENABLE_DEBUG_INFO = NO;
				MTL_FAST_MATH = YES;
				SDKROOT = iphoneos;
				SWIFT_COMPILATION_MODE = wholemodule;
				SWIFT_OPTIMIZATION_LEVEL = "-O";
				VALIDATE_PRODUCT = YES;
			};
			name = Release;
		};
		E44AD2A827DB911E00267197 /* Debug */ = {
			isa = XCBuildConfiguration;
			baseConfigurationReference = 32B8E8C625E5D6E9BB7F392C /* Pods-Snacktacular.debug.xcconfig */;
			buildSettings = {
				ASSETCATALOG_COMPILER_APPICON_NAME = AppIcon;
				ASSETCATALOG_COMPILER_GLOBAL_ACCENT_COLOR_NAME = AccentColor;
				CODE_SIGN_STYLE = Automatic;
				CURRENT_PROJECT_VERSION = 1;
				DEVELOPMENT_TEAM = T4SEGH42P2;
				GENERATE_INFOPLIST_FILE = YES;
				INFOPLIST_FILE = Snacktacular/Info.plist;
				INFOPLIST_KEY_UIApplicationSupportsIndirectInputEvents = YES;
				INFOPLIST_KEY_UILaunchStoryboardName = LaunchScreen;
				INFOPLIST_KEY_UIMainStoryboardFile = Main;
				INFOPLIST_KEY_UISupportedInterfaceOrientations_iPad = "UIInterfaceOrientationPortrait UIInterfaceOrientationPortraitUpsideDown UIInterfaceOrientationLandscapeLeft UIInterfaceOrientationLandscapeRight";
				INFOPLIST_KEY_UISupportedInterfaceOrientations_iPhone = "UIInterfaceOrientationPortrait UIInterfaceOrientationLandscapeLeft UIInterfaceOrientationLandscapeRight";
				LD_RUNPATH_SEARCH_PATHS = (
					"$(inherited)",
					"@executable_path/Frameworks",
				);
				MARKETING_VERSION = 1.0;
				PRODUCT_BUNDLE_IDENTIFIER = com.san.Snacktacular;
				PRODUCT_NAME = "$(TARGET_NAME)";
				SWIFT_EMIT_LOC_STRINGS = YES;
				SWIFT_VERSION = 5.0;
				TARGETED_DEVICE_FAMILY = "1,2";
			};
			name = Debug;
		};
		E44AD2A927DB911E00267197 /* Release */ = {
			isa = XCBuildConfiguration;
			baseConfigurationReference = CDBA5EB112A323D45FDB6DC1 /* Pods-Snacktacular.release.xcconfig */;
			buildSettings = {
				ASSETCATALOG_COMPILER_APPICON_NAME = AppIcon;
				ASSETCATALOG_COMPILER_GLOBAL_ACCENT_COLOR_NAME = AccentColor;
				CODE_SIGN_STYLE = Automatic;
				CURRENT_PROJECT_VERSION = 1;
				DEVELOPMENT_TEAM = T4SEGH42P2;
				GENERATE_INFOPLIST_FILE = YES;
				INFOPLIST_FILE = Snacktacular/Info.plist;
				INFOPLIST_KEY_UIApplicationSupportsIndirectInputEvents = YES;
				INFOPLIST_KEY_UILaunchStoryboardName = LaunchScreen;
				INFOPLIST_KEY_UIMainStoryboardFile = Main;
				INFOPLIST_KEY_UISupportedInterfaceOrientations_iPad = "UIInterfaceOrientationPortrait UIInterfaceOrientationPortraitUpsideDown UIInterfaceOrientationLandscapeLeft UIInterfaceOrientationLandscapeRight";
				INFOPLIST_KEY_UISupportedInterfaceOrientations_iPhone = "UIInterfaceOrientationPortrait UIInterfaceOrientationLandscapeLeft UIInterfaceOrientationLandscapeRight";
				LD_RUNPATH_SEARCH_PATHS = (
					"$(inherited)",
					"@executable_path/Frameworks",
				);
				MARKETING_VERSION = 1.0;
				PRODUCT_BUNDLE_IDENTIFIER = com.san.Snacktacular;
				PRODUCT_NAME = "$(TARGET_NAME)";
				SWIFT_EMIT_LOC_STRINGS = YES;
				SWIFT_VERSION = 5.0;
				TARGETED_DEVICE_FAMILY = "1,2";
			};
			name = Release;
		};
/* End XCBuildConfiguration section */

/* Begin XCConfigurationList section */
		E44AD28E27DB911D00267197 /* Build configuration list for PBXProject "Snacktacular" */ = {
			isa = XCConfigurationList;
			buildConfigurations = (
				E44AD2A527DB911E00267197 /* Debug */,
				E44AD2A627DB911E00267197 /* Release */,
			);
			defaultConfigurationIsVisible = 0;
			defaultConfigurationName = Release;
		};
		E44AD2A727DB911E00267197 /* Build configuration list for PBXNativeTarget "Snacktacular" */ = {
			isa = XCConfigurationList;
			buildConfigurations = (
				E44AD2A827DB911E00267197 /* Debug */,
				E44AD2A927DB911E00267197 /* Release */,
			);
			defaultConfigurationIsVisible = 0;
			defaultConfigurationName = Release;
		};
/* End XCConfigurationList section */
	};
	rootObject = E44AD28B27DB911D00267197 /* Project object */;
}
